{
  "requires": true,
  "lockfileVersion": 1,
  "dependencies": {
    "angular-responsive-carousel": {
      "version": "2.1.2",
      "resolved": "https://registry.npmjs.org/angular-responsive-carousel/-/angular-responsive-carousel-2.1.2.tgz",
      "integrity": "sha512-nOCEyL9R80kW876GY8KvXoPu9fHu3nEnA2RVoFZ3hnBLx/OIdebeKFTxfogWLgbI4S1xn+vOecY/a+GnAQNc8w==",
      "requires": {
        "tslib": "^2.0.0"
      }
    },
    "angular-typing-animation": {
      "version": "0.5.4",
      "resolved": "https://registry.npmjs.org/angular-typing-animation/-/angular-typing-animation-0.5.4.tgz",
      "integrity": "sha512-HY7kdL/RNRcQRBpIVarD1W4SzTTZDZFSfFU/dUdlWwniXya5XTZTCA/jHTVEauQFZp3vdf2ARTWvSS3UJjxN7A=="
    },
    "tslib": {
      "version": "2.3.1",
      "resolved": "https://registry.npmjs.org/tslib/-/tslib-2.3.1.tgz",
      "integrity": "sha512-77EbyPPpMz+FRFRuAFlWMtmgUWGe9UOG2Z25NqCwiIjRhOf5iKGuzSe5P2w1laq+FkRy4p+PCuVkJSGkzTEKVw=="
    }
  }
}
